<?xml version="1.0" encoding="utf-8"?>
<Project ToolsVersion="4.0" xmlns="http://schemas.microsoft.com/developer/msbuild/2003">
  <ItemGroup>
    <ClInclude Include="CommandLine.h" />
    <ClInclude Include="stdafx.h" />
    <ClInclude Include="targetver.h" />
    <ClInclude Include="Text2TAB.h" />
    <ClInclude Include="TextProcessing.h" />
    <ClInclude Include="Transaction.h" />
    <ClInclude Include="ezutf\hpsutils.h">
      <Filter>ezutf</Filter>
    </ClInclude>
    <ClInclude Include="ezutf\textfile.h">
      <Filter>ezutf</Filter>
    </ClInclude>
    <ClInclude Include="EFALUtilities.h" />
    <ClInclude Include="..\WKT2WKB\WkbGeometry.h" />
    <ClInclude Include="..\WKT2WKB\WktConvert.h" />
  </ItemGroup>
  <ItemGroup>
    <ClCompile Include="CommandLine.cpp" />
    <ClCompile Include="stdafx.cpp" />
    <ClCompile Include="Text2TAB.cpp" />
    <ClCompile Include="TextProcessing.cpp" />
    <ClCompile Include="Transaction.cpp" />
    <ClCompile Include="ezutf\hpslib.cpp">
      <Filter>ezutf</Filter>
    </ClCompile>
    <ClCompile Include="ezutf\textfile.cpp">
      <Filter>ezutf</Filter>
    </ClCompile>
    <ClCompile Include="EFALUtilities.cpp" />
    <ClCompile Include="..\WKT2WKB\WkbGeometry.cpp" />
    <ClCompile Include="..\WKT2WKB\WktConvert.cpp" />
  </ItemGroup>
  <ItemGroup>
    <Filter Include="ezutf">
      <UniqueIdentifier>{5168de9c-59ee-4602-bb57-155742beacd7}</UniqueIdentifier>
    </Filter>
  </ItemGroup>
  <ItemGroup>
    <None Include="ezutf\hpslib.hr">
      <Filter>ezutf</Filter>
    </None>
  </ItemGroup>
  <ItemGroup>
    <Text Include="notes.txt" />
  </ItemGroup>
</Project>